
Microsoft Visual Studio Solution File, Format Version 12.00
# Visual Studio Version 17
VisualStudioVersion = 17.4.33122.133
MinimumVisualStudioVersion = 10.0.40219.1
Project("{2150E333-8FDC-42A3-9474-1A3956D46DE8}") = "Services", "Services", "{1FB39629-ED11-454D-988D-163541BBA79E}"
EndProject
Project("{2150E333-8FDC-42A3-9474-1A3956D46DE8}") = "Catalog", "Catalog", "{E2932186-5757-48EA-AEF0-342581A3B61F}"
EndProject
Project("{9A19103F-16F7-4668-BE54-9A1E7A4F7556}") = "Catalog.API", "Services\Catalog\Catalog.API\Catalog.API.csproj", "{44AB947F-7638-4F27-A544-4BB26C627533}"
EndProject
Project("{9A19103F-16F7-4668-BE54-9A1E7A4F7556}") = "Catalog.Core", "Services\Catalog\Catalog.Core\Catalog.Core.csproj", "{B22F07E2-7AFE-4351-A6BA-538212E7990D}"
EndProject
Project("{9A19103F-16F7-4668-BE54-9A1E7A4F7556}") = "Catalog.Application", "Services\Catalog\Catalog.Application\Catalog.Application.csproj", "{7F6CB54C-42ED-406C-A620-5851CDECA8DB}"
EndProject
Project("{9A19103F-16F7-4668-BE54-9A1E7A4F7556}") = "Catalog.Infrastructure", "Services\Catalog\Catalog.Infrastructure\Catalog.Infrastructure.csproj", "{47F1D1AB-5F4B-4804-82A3-6B975FC5F0A0}"
EndProject
Project("{E53339B2-1760-4266-BCC7-CA923CBCF16C}") = "docker-compose", "docker-compose.dcproj", "{A9721FF5-4E2E-4E90-8ED8-33FC37BEECA4}"
EndProject
Project("{2150E333-8FDC-42A3-9474-1A3956D46DE8}") = "Basket", "Basket", "{6D2119F5-D3AB-4D99-A2FA-0B753076F3E5}"
EndProject
Project("{9A19103F-16F7-4668-BE54-9A1E7A4F7556}") = "Basket.Application", "Services\Basket\Basket.Application\Basket.Application.csproj", "{A5D09F93-2EA4-4568-8381-DF1A15066AD1}"
EndProject
Project("{9A19103F-16F7-4668-BE54-9A1E7A4F7556}") = "Basket.Core", "Services\Basket\Basket.Core\Basket.Core.csproj", "{818A7C69-205D-4119-970A-60913E810EFD}"
EndProject
Project("{9A19103F-16F7-4668-BE54-9A1E7A4F7556}") = "Basket.Infrastructure", "Services\Basket\Basket.Infrastructure\Basket.Infrastructure.csproj", "{ABF0F84E-4B5C-43DF-9046-0C2CB380FE71}"
EndProject
Project("{9A19103F-16F7-4668-BE54-9A1E7A4F7556}") = "Basket.API", "Services\Basket\Basket.API\Basket.API.csproj", "{A6AED229-D3DA-4B72-A803-3D00F7D29339}"
EndProject
Project("{2150E333-8FDC-42A3-9474-1A3956D46DE8}") = "Discount", "Discount", "{918CB107-B37C-4A71-8E9B-43ED00BBE76B}"
EndProject
Project("{9A19103F-16F7-4668-BE54-9A1E7A4F7556}") = "Discount.API", "Services\Discount\Discount.API\Discount.API.csproj", "{0EE8372A-A045-4932-AB01-20DEB4AA9949}"
EndProject
Project("{9A19103F-16F7-4668-BE54-9A1E7A4F7556}") = "Discount.Core", "Services\Discount\Discount.Core\Discount.Core.csproj", "{93DBE704-919F-467E-9B78-B341A5545430}"
EndProject
Project("{9A19103F-16F7-4668-BE54-9A1E7A4F7556}") = "Discount.Application", "Services\Discount\Discount.Application\Discount.Application.csproj", "{5705258A-F82F-4398-A7C2-73272EFB81FB}"
EndProject
Project("{9A19103F-16F7-4668-BE54-9A1E7A4F7556}") = "Discount.Infrastructure", "Services\Discount\Discount.Infrastructure\Discount.Infrastructure.csproj", "{249AE28F-17D0-476F-89C2-890B1E5E6F39}"
EndProject
Project("{2150E333-8FDC-42A3-9474-1A3956D46DE8}") = "Solution Items", "Solution Items", "{19D92CA8-AB2A-479A-ADF5-CC7BE1BBD80A}"
EndProject
Project("{2150E333-8FDC-42A3-9474-1A3956D46DE8}") = "Ordering", "Ordering", "{16A4DC0A-ED8A-46A8-B3A2-39F4F7650827}"
EndProject
Project("{FAE04EC0-301F-11D3-BF4B-00C04F79EFBC}") = "Ordering.Core", "Services\Ordering\Ordering.Core\Ordering.Core.csproj", "{725CB5ED-BA43-474D-92E2-DC4BD486C615}"
EndProject
Project("{FAE04EC0-301F-11D3-BF4B-00C04F79EFBC}") = "Ordering.Application", "Services\Ordering\Ordering.Application\Ordering.Application.csproj", "{01F80460-03C4-4A0E-BFA1-A604CDFECA30}"
EndProject
Project("{FAE04EC0-301F-11D3-BF4B-00C04F79EFBC}") = "Ordering.Infrastructure", "Services\Ordering\Ordering.Infrastructure\Ordering.Infrastructure.csproj", "{B1162C5B-107C-495D-94D3-246171855AEA}"
EndProject
Project("{FAE04EC0-301F-11D3-BF4B-00C04F79EFBC}") = "Ordering.API", "Services\Ordering\Ordering.API\Ordering.API.csproj", "{DFDBC0A2-126C-473D-8B7E-9ACC25C3CF39}"
EndProject
Global
	GlobalSection(SolutionConfigurationPlatforms) = preSolution
		Debug|Any CPU = Debug|Any CPU
		Release|Any CPU = Release|Any CPU
	EndGlobalSection
	GlobalSection(ProjectConfigurationPlatforms) = postSolution
		{44AB947F-7638-4F27-A544-4BB26C627533}.Debug|Any CPU.ActiveCfg = Debug|Any CPU
		{44AB947F-7638-4F27-A544-4BB26C627533}.Debug|Any CPU.Build.0 = Debug|Any CPU
		{44AB947F-7638-4F27-A544-4BB26C627533}.Release|Any CPU.ActiveCfg = Release|Any CPU
		{44AB947F-7638-4F27-A544-4BB26C627533}.Release|Any CPU.Build.0 = Release|Any CPU
		{B22F07E2-7AFE-4351-A6BA-538212E7990D}.Debug|Any CPU.ActiveCfg = Debug|Any CPU
		{B22F07E2-7AFE-4351-A6BA-538212E7990D}.Debug|Any CPU.Build.0 = Debug|Any CPU
		{B22F07E2-7AFE-4351-A6BA-538212E7990D}.Release|Any CPU.ActiveCfg = Release|Any CPU
		{B22F07E2-7AFE-4351-A6BA-538212E7990D}.Release|Any CPU.Build.0 = Release|Any CPU
		{7F6CB54C-42ED-406C-A620-5851CDECA8DB}.Debug|Any CPU.ActiveCfg = Debug|Any CPU
		{7F6CB54C-42ED-406C-A620-5851CDECA8DB}.Debug|Any CPU.Build.0 = Debug|Any CPU
		{7F6CB54C-42ED-406C-A620-5851CDECA8DB}.Release|Any CPU.ActiveCfg = Release|Any CPU
		{7F6CB54C-42ED-406C-A620-5851CDECA8DB}.Release|Any CPU.Build.0 = Release|Any CPU
		{47F1D1AB-5F4B-4804-82A3-6B975FC5F0A0}.Debug|Any CPU.ActiveCfg = Debug|Any CPU
		{47F1D1AB-5F4B-4804-82A3-6B975FC5F0A0}.Debug|Any CPU.Build.0 = Debug|Any CPU
		{47F1D1AB-5F4B-4804-82A3-6B975FC5F0A0}.Release|Any CPU.ActiveCfg = Release|Any CPU
		{47F1D1AB-5F4B-4804-82A3-6B975FC5F0A0}.Release|Any CPU.Build.0 = Release|Any CPU
		{A9721FF5-4E2E-4E90-8ED8-33FC37BEECA4}.Debug|Any CPU.ActiveCfg = Debug|Any CPU
		{A9721FF5-4E2E-4E90-8ED8-33FC37BEECA4}.Debug|Any CPU.Build.0 = Debug|Any CPU
		{A9721FF5-4E2E-4E90-8ED8-33FC37BEECA4}.Release|Any CPU.ActiveCfg = Release|Any CPU
		{A9721FF5-4E2E-4E90-8ED8-33FC37BEECA4}.Release|Any CPU.Build.0 = Release|Any CPU
		{A5D09F93-2EA4-4568-8381-DF1A15066AD1}.Debug|Any CPU.ActiveCfg = Debug|Any CPU
		{A5D09F93-2EA4-4568-8381-DF1A15066AD1}.Debug|Any CPU.Build.0 = Debug|Any CPU
		{A5D09F93-2EA4-4568-8381-DF1A15066AD1}.Release|Any CPU.ActiveCfg = Release|Any CPU
		{A5D09F93-2EA4-4568-8381-DF1A15066AD1}.Release|Any CPU.Build.0 = Release|Any CPU
		{818A7C69-205D-4119-970A-60913E810EFD}.Debug|Any CPU.ActiveCfg = Debug|Any CPU
		{818A7C69-205D-4119-970A-60913E810EFD}.Debug|Any CPU.Build.0 = Debug|Any CPU
		{818A7C69-205D-4119-970A-60913E810EFD}.Release|Any CPU.ActiveCfg = Release|Any CPU
		{818A7C69-205D-4119-970A-60913E810EFD}.Release|Any CPU.Build.0 = Release|Any CPU
		{ABF0F84E-4B5C-43DF-9046-0C2CB380FE71}.Debug|Any CPU.ActiveCfg = Debug|Any CPU
		{ABF0F84E-4B5C-43DF-9046-0C2CB380FE71}.Debug|Any CPU.Build.0 = Debug|Any CPU
		{ABF0F84E-4B5C-43DF-9046-0C2CB380FE71}.Release|Any CPU.ActiveCfg = Release|Any CPU
		{ABF0F84E-4B5C-43DF-9046-0C2CB380FE71}.Release|Any CPU.Build.0 = Release|Any CPU
		{A6AED229-D3DA-4B72-A803-3D00F7D29339}.Debug|Any CPU.ActiveCfg = Debug|Any CPU
		{A6AED229-D3DA-4B72-A803-3D00F7D29339}.Debug|Any CPU.Build.0 = Debug|Any CPU
		{A6AED229-D3DA-4B72-A803-3D00F7D29339}.Release|Any CPU.ActiveCfg = Release|Any CPU
		{A6AED229-D3DA-4B72-A803-3D00F7D29339}.Release|Any CPU.Build.0 = Release|Any CPU
		{0EE8372A-A045-4932-AB01-20DEB4AA9949}.Debug|Any CPU.ActiveCfg = Debug|Any CPU
		{0EE8372A-A045-4932-AB01-20DEB4AA9949}.Debug|Any CPU.Build.0 = Debug|Any CPU
		{0EE8372A-A045-4932-AB01-20DEB4AA9949}.Release|Any CPU.ActiveCfg = Release|Any CPU
		{0EE8372A-A045-4932-AB01-20DEB4AA9949}.Release|Any CPU.Build.0 = Release|Any CPU
		{93DBE704-919F-467E-9B78-B341A5545430}.Debug|Any CPU.ActiveCfg = Debug|Any CPU
		{93DBE704-919F-467E-9B78-B341A5545430}.Debug|Any CPU.Build.0 = Debug|Any CPU
		{93DBE704-919F-467E-9B78-B341A5545430}.Release|Any CPU.ActiveCfg = Release|Any CPU
		{93DBE704-919F-467E-9B78-B341A5545430}.Release|Any CPU.Build.0 = Release|Any CPU
		{5705258A-F82F-4398-A7C2-73272EFB81FB}.Debug|Any CPU.ActiveCfg = Debug|Any CPU
		{5705258A-F82F-4398-A7C2-73272EFB81FB}.Debug|Any CPU.Build.0 = Debug|Any CPU
		{5705258A-F82F-4398-A7C2-73272EFB81FB}.Release|Any CPU.ActiveCfg = Release|Any CPU
		{5705258A-F82F-4398-A7C2-73272EFB81FB}.Release|Any CPU.Build.0 = Release|Any CPU
		{249AE28F-17D0-476F-89C2-890B1E5E6F39}.Debug|Any CPU.ActiveCfg = Debug|Any CPU
		{249AE28F-17D0-476F-89C2-890B1E5E6F39}.Debug|Any CPU.Build.0 = Debug|Any CPU
		{249AE28F-17D0-476F-89C2-890B1E5E6F39}.Release|Any CPU.ActiveCfg = Release|Any CPU
		{249AE28F-17D0-476F-89C2-890B1E5E6F39}.Release|Any CPU.Build.0 = Release|Any CPU
		{725CB5ED-BA43-474D-92E2-DC4BD486C615}.Debug|Any CPU.ActiveCfg = Debug|Any CPU
		{725CB5ED-BA43-474D-92E2-DC4BD486C615}.Debug|Any CPU.Build.0 = Debug|Any CPU
		{725CB5ED-BA43-474D-92E2-DC4BD486C615}.Release|Any CPU.ActiveCfg = Release|Any CPU
		{725CB5ED-BA43-474D-92E2-DC4BD486C615}.Release|Any CPU.Build.0 = Release|Any CPU
		{01F80460-03C4-4A0E-BFA1-A604CDFECA30}.Debug|Any CPU.ActiveCfg = Debug|Any CPU
		{01F80460-03C4-4A0E-BFA1-A604CDFECA30}.Debug|Any CPU.Build.0 = Debug|Any CPU
		{01F80460-03C4-4A0E-BFA1-A604CDFECA30}.Release|Any CPU.ActiveCfg = Release|Any CPU
		{01F80460-03C4-4A0E-BFA1-A604CDFECA30}.Release|Any CPU.Build.0 = Release|Any CPU
		{B1162C5B-107C-495D-94D3-246171855AEA}.Debug|Any CPU.ActiveCfg = Debug|Any CPU
		{B1162C5B-107C-495D-94D3-246171855AEA}.Debug|Any CPU.Build.0 = Debug|Any CPU
		{B1162C5B-107C-495D-94D3-246171855AEA}.Release|Any CPU.ActiveCfg = Release|Any CPU
		{B1162C5B-107C-495D-94D3-246171855AEA}.Release|Any CPU.Build.0 = Release|Any CPU
		{DFDBC0A2-126C-473D-8B7E-9ACC25C3CF39}.Debug|Any CPU.ActiveCfg = Debug|Any CPU
		{DFDBC0A2-126C-473D-8B7E-9ACC25C3CF39}.Debug|Any CPU.Build.0 = Debug|Any CPU
		{DFDBC0A2-126C-473D-8B7E-9ACC25C3CF39}.Release|Any CPU.ActiveCfg = Release|Any CPU
		{DFDBC0A2-126C-473D-8B7E-9ACC25C3CF39}.Release|Any CPU.Build.0 = Release|Any CPU
	EndGlobalSection
	GlobalSection(SolutionProperties) = preSolution
		HideSolutionNode = FALSE
	EndGlobalSection
	GlobalSection(NestedProjects) = preSolution
		{E2932186-5757-48EA-AEF0-342581A3B61F} = {1FB39629-ED11-454D-988D-163541BBA79E}
		{44AB947F-7638-4F27-A544-4BB26C627533} = {E2932186-5757-48EA-AEF0-342581A3B61F}
		{B22F07E2-7AFE-4351-A6BA-538212E7990D} = {E2932186-5757-48EA-AEF0-342581A3B61F}
		{7F6CB54C-42ED-406C-A620-5851CDECA8DB} = {E2932186-5757-48EA-AEF0-342581A3B61F}
		{47F1D1AB-5F4B-4804-82A3-6B975FC5F0A0} = {E2932186-5757-48EA-AEF0-342581A3B61F}
		{6D2119F5-D3AB-4D99-A2FA-0B753076F3E5} = {1FB39629-ED11-454D-988D-163541BBA79E}
		{A5D09F93-2EA4-4568-8381-DF1A15066AD1} = {6D2119F5-D3AB-4D99-A2FA-0B753076F3E5}
		{818A7C69-205D-4119-970A-60913E810EFD} = {6D2119F5-D3AB-4D99-A2FA-0B753076F3E5}
		{ABF0F84E-4B5C-43DF-9046-0C2CB380FE71} = {6D2119F5-D3AB-4D99-A2FA-0B753076F3E5}
		{A6AED229-D3DA-4B72-A803-3D00F7D29339} = {6D2119F5-D3AB-4D99-A2FA-0B753076F3E5}
		{918CB107-B37C-4A71-8E9B-43ED00BBE76B} = {1FB39629-ED11-454D-988D-163541BBA79E}
		{0EE8372A-A045-4932-AB01-20DEB4AA9949} = {918CB107-B37C-4A71-8E9B-43ED00BBE76B}
		{93DBE704-919F-467E-9B78-B341A5545430} = {918CB107-B37C-4A71-8E9B-43ED00BBE76B}
		{5705258A-F82F-4398-A7C2-73272EFB81FB} = {918CB107-B37C-4A71-8E9B-43ED00BBE76B}
		{249AE28F-17D0-476F-89C2-890B1E5E6F39} = {918CB107-B37C-4A71-8E9B-43ED00BBE76B}
		{16A4DC0A-ED8A-46A8-B3A2-39F4F7650827} = {1FB39629-ED11-454D-988D-163541BBA79E}
		{725CB5ED-BA43-474D-92E2-DC4BD486C615} = {16A4DC0A-ED8A-46A8-B3A2-39F4F7650827}
		{01F80460-03C4-4A0E-BFA1-A604CDFECA30} = {16A4DC0A-ED8A-46A8-B3A2-39F4F7650827}
		{B1162C5B-107C-495D-94D3-246171855AEA} = {16A4DC0A-ED8A-46A8-B3A2-39F4F7650827}
		{DFDBC0A2-126C-473D-8B7E-9ACC25C3CF39} = {16A4DC0A-ED8A-46A8-B3A2-39F4F7650827}
	EndGlobalSection
	GlobalSection(ExtensibilityGlobals) = postSolution
		SolutionGuid = {F0124337-83EA-40F2-97E3-18EF02F19FDD}
	EndGlobalSection
EndGlobal
