
Microsoft Visual Studio Solution File, Format Version 12.00
# Visual Studio Version 17
VisualStudioVersion = 17.4.33122.133
MinimumVisualStudioVersion = 10.0.40219.1
Project("{2150E333-8FDC-42A3-9474-1A3956D46DE8}") = "Services", "Services", "{1FB39629-ED11-454D-988D-163541BBA79E}"
EndProject
Project("{2150E333-8FDC-42A3-9474-1A3956D46DE8}") = "Catalog", "Catalog", "{E2932186-5757-48EA-AEF0-342581A3B61F}"
EndProject
Project("{9A19103F-16F7-4668-BE54-9A1E7A4F7556}") = "Catalog.API", "Services\Catalog\Catalog.API\Catalog.API.csproj", "{44AB947F-7638-4F27-A544-4BB26C627533}"
EndProject
Project("{9A19103F-16F7-4668-BE54-9A1E7A4F7556}") = "Catalog.Core", "Services\Catalog\Catalog.Core\Catalog.Core.csproj", "{B22F07E2-7AFE-4351-A6BA-538212E7990D}"
EndProject
Project("{9A19103F-16F7-4668-BE54-9A1E7A4F7556}") = "Catalog.Application", "Services\Catalog\Catalog.Application\Catalog.Application.csproj", "{7F6CB54C-42ED-406C-A620-5851CDECA8DB}"
EndProject
Project("{9A19103F-16F7-4668-BE54-9A1E7A4F7556}") = "Catalog.Infrastructure", "Services\Catalog\Catalog.Infrastructure\Catalog.Infrastructure.csproj", "{47F1D1AB-5F4B-4804-82A3-6B975FC5F0A0}"
EndProject
Project("{E53339B2-1760-4266-BCC7-CA923CBCF16C}") = "docker-compose", "docker-compose.dcproj", "{A9721FF5-4E2E-4E90-8ED8-33FC37BEECA4}"
EndProject
Project("{2150E333-8FDC-42A3-9474-1A3956D46DE8}") = "Basket", "Basket", "{6D2119F5-D3AB-4D99-A2FA-0B753076F3E5}"
EndProject
Project("{FAE04EC0-301F-11D3-BF4B-00C04F79EFBC}") = "Basket.Application", "Services\Basket\Basket.Application\Basket.Application.csproj", "{A5D09F93-2EA4-4568-8381-DF1A15066AD1}"
EndProject
Project("{FAE04EC0-301F-11D3-BF4B-00C04F79EFBC}") = "Basket.Core", "Services\Basket\Basket.Core\Basket.Core.csproj", "{818A7C69-205D-4119-970A-60913E810EFD}"
EndProject
Project("{FAE04EC0-301F-11D3-BF4B-00C04F79EFBC}") = "Basket.Infrastructure", "Services\Basket\Basket.Infrastructure\Basket.Infrastructure.csproj", "{ABF0F84E-4B5C-43DF-9046-0C2CB380FE71}"
EndProject
Project("{FAE04EC0-301F-11D3-BF4B-00C04F79EFBC}") = "Basket.API", "Services\Basket\Basket.API\Basket.API.csproj", "{A6AED229-D3DA-4B72-A803-3D00F7D29339}"
EndProject
Global
	GlobalSection(SolutionConfigurationPlatforms) = preSolution
		Debug|Any CPU = Debug|Any CPU
		Release|Any CPU = Release|Any CPU
	EndGlobalSection
	GlobalSection(ProjectConfigurationPlatforms) = postSolution
		{44AB947F-7638-4F27-A544-4BB26C627533}.Debug|Any CPU.ActiveCfg = Debug|Any CPU
		{44AB947F-7638-4F27-A544-4BB26C627533}.Debug|Any CPU.Build.0 = Debug|Any CPU
		{44AB947F-7638-4F27-A544-4BB26C627533}.Release|Any CPU.ActiveCfg = Release|Any CPU
		{44AB947F-7638-4F27-A544-4BB26C627533}.Release|Any CPU.Build.0 = Release|Any CPU
		{B22F07E2-7AFE-4351-A6BA-538212E7990D}.Debug|Any CPU.ActiveCfg = Debug|Any CPU
		{B22F07E2-7AFE-4351-A6BA-538212E7990D}.Debug|Any CPU.Build.0 = Debug|Any CPU
		{B22F07E2-7AFE-4351-A6BA-538212E7990D}.Release|Any CPU.ActiveCfg = Release|Any CPU
		{B22F07E2-7AFE-4351-A6BA-538212E7990D}.Release|Any CPU.Build.0 = Release|Any CPU
		{7F6CB54C-42ED-406C-A620-5851CDECA8DB}.Debug|Any CPU.ActiveCfg = Debug|Any CPU
		{7F6CB54C-42ED-406C-A620-5851CDECA8DB}.Debug|Any CPU.Build.0 = Debug|Any CPU
		{7F6CB54C-42ED-406C-A620-5851CDECA8DB}.Release|Any CPU.ActiveCfg = Release|Any CPU
		{7F6CB54C-42ED-406C-A620-5851CDECA8DB}.Release|Any CPU.Build.0 = Release|Any CPU
		{47F1D1AB-5F4B-4804-82A3-6B975FC5F0A0}.Debug|Any CPU.ActiveCfg = Debug|Any CPU
		{47F1D1AB-5F4B-4804-82A3-6B975FC5F0A0}.Debug|Any CPU.Build.0 = Debug|Any CPU
		{47F1D1AB-5F4B-4804-82A3-6B975FC5F0A0}.Release|Any CPU.ActiveCfg = Release|Any CPU
		{47F1D1AB-5F4B-4804-82A3-6B975FC5F0A0}.Release|Any CPU.Build.0 = Release|Any CPU
		{A9721FF5-4E2E-4E90-8ED8-33FC37BEECA4}.Debug|Any CPU.ActiveCfg = Debug|Any CPU
		{A9721FF5-4E2E-4E90-8ED8-33FC37BEECA4}.Debug|Any CPU.Build.0 = Debug|Any CPU
		{A9721FF5-4E2E-4E90-8ED8-33FC37BEECA4}.Release|Any CPU.ActiveCfg = Release|Any CPU
		{A9721FF5-4E2E-4E90-8ED8-33FC37BEECA4}.Release|Any CPU.Build.0 = Release|Any CPU
		{A5D09F93-2EA4-4568-8381-DF1A15066AD1}.Debug|Any CPU.ActiveCfg = Debug|Any CPU
		{A5D09F93-2EA4-4568-8381-DF1A15066AD1}.Debug|Any CPU.Build.0 = Debug|Any CPU
		{A5D09F93-2EA4-4568-8381-DF1A15066AD1}.Release|Any CPU.ActiveCfg = Release|Any CPU
		{A5D09F93-2EA4-4568-8381-DF1A15066AD1}.Release|Any CPU.Build.0 = Release|Any CPU
		{818A7C69-205D-4119-970A-60913E810EFD}.Debug|Any CPU.ActiveCfg = Debug|Any CPU
		{818A7C69-205D-4119-970A-60913E810EFD}.Debug|Any CPU.Build.0 = Debug|Any CPU
		{818A7C69-205D-4119-970A-60913E810EFD}.Release|Any CPU.ActiveCfg = Release|Any CPU
		{818A7C69-205D-4119-970A-60913E810EFD}.Release|Any CPU.Build.0 = Release|Any CPU
		{ABF0F84E-4B5C-43DF-9046-0C2CB380FE71}.Debug|Any CPU.ActiveCfg = Debug|Any CPU
		{ABF0F84E-4B5C-43DF-9046-0C2CB380FE71}.Debug|Any CPU.Build.0 = Debug|Any CPU
		{ABF0F84E-4B5C-43DF-9046-0C2CB380FE71}.Release|Any CPU.ActiveCfg = Release|Any CPU
		{ABF0F84E-4B5C-43DF-9046-0C2CB380FE71}.Release|Any CPU.Build.0 = Release|Any CPU
		{A6AED229-D3DA-4B72-A803-3D00F7D29339}.Debug|Any CPU.ActiveCfg = Debug|Any CPU
		{A6AED229-D3DA-4B72-A803-3D00F7D29339}.Debug|Any CPU.Build.0 = Debug|Any CPU
		{A6AED229-D3DA-4B72-A803-3D00F7D29339}.Release|Any CPU.ActiveCfg = Release|Any CPU
		{A6AED229-D3DA-4B72-A803-3D00F7D29339}.Release|Any CPU.Build.0 = Release|Any CPU
	EndGlobalSection
	GlobalSection(SolutionProperties) = preSolution
		HideSolutionNode = FALSE
	EndGlobalSection
	GlobalSection(NestedProjects) = preSolution
		{E2932186-5757-48EA-AEF0-342581A3B61F} = {1FB39629-ED11-454D-988D-163541BBA79E}
		{44AB947F-7638-4F27-A544-4BB26C627533} = {E2932186-5757-48EA-AEF0-342581A3B61F}
		{B22F07E2-7AFE-4351-A6BA-538212E7990D} = {E2932186-5757-48EA-AEF0-342581A3B61F}
		{7F6CB54C-42ED-406C-A620-5851CDECA8DB} = {E2932186-5757-48EA-AEF0-342581A3B61F}
		{47F1D1AB-5F4B-4804-82A3-6B975FC5F0A0} = {E2932186-5757-48EA-AEF0-342581A3B61F}
		{6D2119F5-D3AB-4D99-A2FA-0B753076F3E5} = {1FB39629-ED11-454D-988D-163541BBA79E}
		{A5D09F93-2EA4-4568-8381-DF1A15066AD1} = {6D2119F5-D3AB-4D99-A2FA-0B753076F3E5}
		{818A7C69-205D-4119-970A-60913E810EFD} = {6D2119F5-D3AB-4D99-A2FA-0B753076F3E5}
		{ABF0F84E-4B5C-43DF-9046-0C2CB380FE71} = {6D2119F5-D3AB-4D99-A2FA-0B753076F3E5}
		{A6AED229-D3DA-4B72-A803-3D00F7D29339} = {6D2119F5-D3AB-4D99-A2FA-0B753076F3E5}
	EndGlobalSection
	GlobalSection(ExtensibilityGlobals) = postSolution
		SolutionGuid = {F0124337-83EA-40F2-97E3-18EF02F19FDD}
	EndGlobalSection
EndGlobal
